
Microsoft Visual Studio Solution File, Format Version 12.00
# Visual Studio Version 17
VisualStudioVersion = 17.0.31612.314
MinimumVisualStudioVersion = 10.0.40219.1
Project("{FAE04EC0-301F-11D3-BF4B-00C04F79EFBC}") = "ConfigurationTests", "ConfigurationTests\ConfigurationTests.csproj", "{A203A405-0934-4764-B315-B48242814576}"
EndProject
Global
	GlobalSection(SolutionConfigurationPlatforms) = preSolution
		Debug|Any CPU = Debug|Any CPU
		Release|Any CPU = Release|Any CPU
	EndGlobalSection
	GlobalSection(ProjectConfigurationPlatforms) = postSolution
		{A203A405-0934-4764-B315-B48242814576}.Debug|Any CPU.ActiveCfg = Debug|Any CPU
		{A203A405-0934-4764-B315-B48242814576}.Debug|Any CPU.Build.0 = Debug|Any CPU
		{A203A405-0934-4764-B315-B48242814576}.Release|Any CPU.ActiveCfg = Release|Any CPU
		{A203A405-0934-4764-B315-B48242814576}.Release|Any CPU.Build.0 = Release|Any CPU
	EndGlobalSection
	GlobalSection(SolutionProperties) = preSolution
		HideSolutionNode = FALSE
	EndGlobalSection
	GlobalSection(ExtensibilityGlobals) = postSolution
		SolutionGuid = {693BB62D-658F-4893-B884-FA2EE5CC923A}
	EndGlobalSection
EndGlobal
